
Microsoft Visual Studio Solution File, Format Version 12.00
# Visual Studio 2013
VisualStudioVersion = 12.0.30723.0
MinimumVisualStudioVersion = 10.0.40219.1
Project("{FAE04EC0-301F-11D3-BF4B-00C04F79EFBC}") = "Med.Tools.CustomerIoApi", "Med.Tools.CustomerIoApi\Med.Tools.CustomerIoApi.csproj", "{04103F22-4037-4C20-B55E-E97604CBC488}"
EndProject
Project("{FAE04EC0-301F-11D3-BF4B-00C04F79EFBC}") = "Med.Tools.CustomerIoApi.Tests", "Med.Tools.CustomerIoApi.Tests\Med.Tools.CustomerIoApi.Tests.csproj", "{A57464D5-39C2-4C5B-AE2A-F384721C2BC2}"
EndProject
Global
	GlobalSection(SolutionConfigurationPlatforms) = preSolution
		Debug|Any CPU = Debug|Any CPU
		Release|Any CPU = Release|Any CPU
	EndGlobalSection
	GlobalSection(ProjectConfigurationPlatforms) = postSolution
		{04103F22-4037-4C20-B55E-E97604CBC488}.Debug|Any CPU.ActiveCfg = Debug|Any CPU
		{04103F22-4037-4C20-B55E-E97604CBC488}.Debug|Any CPU.Build.0 = Debug|Any CPU
		{04103F22-4037-4C20-B55E-E97604CBC488}.Release|Any CPU.ActiveCfg = Release|Any CPU
		{04103F22-4037-4C20-B55E-E97604CBC488}.Release|Any CPU.Build.0 = Release|Any CPU
		{A57464D5-39C2-4C5B-AE2A-F384721C2BC2}.Debug|Any CPU.ActiveCfg = Debug|Any CPU
		{A57464D5-39C2-4C5B-AE2A-F384721C2BC2}.Debug|Any CPU.Build.0 = Debug|Any CPU
		{A57464D5-39C2-4C5B-AE2A-F384721C2BC2}.Release|Any CPU.ActiveCfg = Release|Any CPU
		{A57464D5-39C2-4C5B-AE2A-F384721C2BC2}.Release|Any CPU.Build.0 = Release|Any CPU
	EndGlobalSection
	GlobalSection(SolutionProperties) = preSolution
		HideSolutionNode = FALSE
	EndGlobalSection
EndGlobal
